using System;
using System.Collections.Generic;
using System.Linq;
using System.Text;
using System.Threading.Tasks;

namespace _1_Algoritmo
{
    internal class Program
    {
        /*1-	Faça um algoritmo que leia dois valores inteiros A e B, se os valores de A e B forem iguais, deverá somar os dois valores, 
caso contrário devera multiplicar A por B. Ao final de qualquer um dos cálculos deve-se atribuir o resultado a uma variável C e
imprimir seu valor na tela.*/

        static void Main(string[] args)
        {
            int A, B, C;
            Console.WriteLine("Digite o valor de A: ");
            A = int.Parse(Console.ReadLine());

            Console.WriteLine("Digite o valor de B: ");
            B = int.Parse(Console.ReadLine());

            int c;

            
            if (A== B)
            {
                c = A + B; // Soma se forem iguais
            }
            else
            {
                c = A * B; // Multiplica se forem diferentes
            }

            // Exibição do resultado armazenado em C
            Console.WriteLine($"O resultado armazenado em C é: {c}");
        }
    }
}
